{
  "exec_cmd: \"kettle-test\"\nrubygems: latest": [
    {
      "file": ".github/workflows/current.yml",
      "lines": [
        43,
        49
      ]
    }
  ],
  "if respond_to?(:generator_only)\ngenerator_only do": [
    {
      "file": "Appraisal.root.gemfile",
      "lines": [
        18,
        26
      ]
    }
  ]
}
